
Microsoft Visual Studio Solution File, Format Version 12.00
# Visual Studio 15
VisualStudioVersion = 15.0.27703.2000
MinimumVisualStudioVersion = 10.0.40219.1
Project("{9A19103F-16F7-4668-BE54-9A1E7A4F7556}") = "ShipManagementService.App", "ShipManagementService.App\ShipManagementService.App.csproj", "{6719FA4B-65F8-401C-9B75-CFEBA2738B77}"
EndProject
Project("{FAE04EC0-301F-11D3-BF4B-00C04F79EFBC}") = "ShipManagementService.Core", "ShipManagementService.Core\ShipManagementService.Core.csproj", "{F500943C-086F-4633-A0DD-00E6C78642A5}"
EndProject
Project("{FAE04EC0-301F-11D3-BF4B-00C04F79EFBC}") = "ShipManagementService.Infrastructure", "ShipManagementService.Infrastructure\ShipManagementService.Infrastructure.csproj", "{CAF74DAE-94AC-4D79-AA65-B96E57350A3F}"
EndProject
Global
	GlobalSection(SolutionConfigurationPlatforms) = preSolution
		Debug|Any CPU = Debug|Any CPU
		Release|Any CPU = Release|Any CPU
	EndGlobalSection
	GlobalSection(ProjectConfigurationPlatforms) = postSolution
		{6719FA4B-65F8-401C-9B75-CFEBA2738B77}.Debug|Any CPU.ActiveCfg = Debug|Any CPU
		{6719FA4B-65F8-401C-9B75-CFEBA2738B77}.Debug|Any CPU.Build.0 = Debug|Any CPU
		{6719FA4B-65F8-401C-9B75-CFEBA2738B77}.Release|Any CPU.ActiveCfg = Release|Any CPU
		{6719FA4B-65F8-401C-9B75-CFEBA2738B77}.Release|Any CPU.Build.0 = Release|Any CPU
		{F500943C-086F-4633-A0DD-00E6C78642A5}.Debug|Any CPU.ActiveCfg = Debug|Any CPU
		{F500943C-086F-4633-A0DD-00E6C78642A5}.Debug|Any CPU.Build.0 = Debug|Any CPU
		{F500943C-086F-4633-A0DD-00E6C78642A5}.Release|Any CPU.ActiveCfg = Release|Any CPU
		{F500943C-086F-4633-A0DD-00E6C78642A5}.Release|Any CPU.Build.0 = Release|Any CPU
		{CAF74DAE-94AC-4D79-AA65-B96E57350A3F}.Debug|Any CPU.ActiveCfg = Debug|Any CPU
		{CAF74DAE-94AC-4D79-AA65-B96E57350A3F}.Debug|Any CPU.Build.0 = Debug|Any CPU
		{CAF74DAE-94AC-4D79-AA65-B96E57350A3F}.Release|Any CPU.ActiveCfg = Release|Any CPU
		{CAF74DAE-94AC-4D79-AA65-B96E57350A3F}.Release|Any CPU.Build.0 = Release|Any CPU
	EndGlobalSection
	GlobalSection(SolutionProperties) = preSolution
		HideSolutionNode = FALSE
	EndGlobalSection
	GlobalSection(ExtensibilityGlobals) = postSolution
		SolutionGuid = {3E55C4A7-E494-4E2E-90D2-A2F21B0AA603}
	EndGlobalSection
EndGlobal
